
Microsoft Visual Studio Solution File, Format Version 12.00
# Visual Studio Version 17
VisualStudioVersion = 17.7.34031.279
MinimumVisualStudioVersion = 10.0.40219.1
Project("{FAE04EC0-301F-11D3-BF4B-00C04F79EFBC}") = "wyszukiwanie_binarne", "wyszukiwanie_binarne\wyszukiwanie_binarne.csproj", "{D290607D-8FE7-4F23-916F-CEF01A85C4BD}"
EndProject
Global
	GlobalSection(SolutionConfigurationPlatforms) = preSolution
		Debug|Any CPU = Debug|Any CPU
		Release|Any CPU = Release|Any CPU
	EndGlobalSection
	GlobalSection(ProjectConfigurationPlatforms) = postSolution
		{D290607D-8FE7-4F23-916F-CEF01A85C4BD}.Debug|Any CPU.ActiveCfg = Debug|Any CPU
		{D290607D-8FE7-4F23-916F-CEF01A85C4BD}.Debug|Any CPU.Build.0 = Debug|Any CPU
		{D290607D-8FE7-4F23-916F-CEF01A85C4BD}.Release|Any CPU.ActiveCfg = Release|Any CPU
		{D290607D-8FE7-4F23-916F-CEF01A85C4BD}.Release|Any CPU.Build.0 = Release|Any CPU
	EndGlobalSection
	GlobalSection(SolutionProperties) = preSolution
		HideSolutionNode = FALSE
	EndGlobalSection
	GlobalSection(ExtensibilityGlobals) = postSolution
		SolutionGuid = {A808738F-4E02-4D69-B9DD-99B559A13E8D}
	EndGlobalSection
EndGlobal
